
Microsoft Visual Studio Solution File, Format Version 12.00
# Visual Studio 15
VisualStudioVersion = 15.0.27428.2043
MinimumVisualStudioVersion = 10.0.40219.1
Project("{FAE04EC0-301F-11D3-BF4B-00C04F79EFBC}") = "RacingPK10", "RacingPK10\RacingPK10.csproj", "{72C93D86-05CE-4434-9514-7BB4C5F5BE9A}"
EndProject
Project("{FAE04EC0-301F-11D3-BF4B-00C04F79EFBC}") = "JobLibrary", "JobLibrary\JobLibrary.csproj", "{48AB7762-6E1D-402B-9156-92C0EF8C45D6}"
EndProject
Global
	GlobalSection(SolutionConfigurationPlatforms) = preSolution
		Debug|Any CPU = Debug|Any CPU
		Release|Any CPU = Release|Any CPU
	EndGlobalSection
	GlobalSection(ProjectConfigurationPlatforms) = postSolution
		{72C93D86-05CE-4434-9514-7BB4C5F5BE9A}.Debug|Any CPU.ActiveCfg = Debug|Any CPU
		{72C93D86-05CE-4434-9514-7BB4C5F5BE9A}.Debug|Any CPU.Build.0 = Debug|Any CPU
		{72C93D86-05CE-4434-9514-7BB4C5F5BE9A}.Release|Any CPU.ActiveCfg = Release|Any CPU
		{72C93D86-05CE-4434-9514-7BB4C5F5BE9A}.Release|Any CPU.Build.0 = Release|Any CPU
		{48AB7762-6E1D-402B-9156-92C0EF8C45D6}.Debug|Any CPU.ActiveCfg = Debug|Any CPU
		{48AB7762-6E1D-402B-9156-92C0EF8C45D6}.Debug|Any CPU.Build.0 = Debug|Any CPU
		{48AB7762-6E1D-402B-9156-92C0EF8C45D6}.Release|Any CPU.ActiveCfg = Release|Any CPU
		{48AB7762-6E1D-402B-9156-92C0EF8C45D6}.Release|Any CPU.Build.0 = Release|Any CPU
	EndGlobalSection
	GlobalSection(SolutionProperties) = preSolution
		HideSolutionNode = FALSE
	EndGlobalSection
	GlobalSection(ExtensibilityGlobals) = postSolution
		SolutionGuid = {9E03361B-8EC4-4082-A7D5-3DE4D8928521}
	EndGlobalSection
EndGlobal
